// !$*UTF8*$!
{
	archiveVersion = 1;
	classes = {
	};
	objectVersion = 50;
	objects = {

/* Begin PBXBuildFile section */
		FCAB6A92248F8ECB00F30632 /* AppDelegate.swift in Sources */ = {isa = PBXBuildFile; fileRef = FCAB6A91248F8ECB00F30632 /* AppDelegate.swift */; };
		FCAB6A94248F8ECB00F30632 /* SceneDelegate.swift in Sources */ = {isa = PBXBuildFile; fileRef = FCAB6A93248F8ECB00F30632 /* SceneDelegate.swift */; };
		FCAB6A96248F8ECB00F30632 /* ViewController.swift in Sources */ = {isa = PBXBuildFile; fileRef = FCAB6A95248F8ECB00F30632 /* ViewController.swift */; };
		FCAB6A99248F8ECB00F30632 /* Main.storyboard in Resources */ = {isa = PBXBuildFile; fileRef = FCAB6A97248F8ECB00F30632 /* Main.storyboard */; };
		FCAB6A9B248F8ECF00F30632 /* Assets.xcassets in Resources */ = {isa = PBXBuildFile; fileRef = FCAB6A9A248F8ECF00F30632 /* Assets.xcassets */; };
		FCAB6A9E248F8ECF00F30632 /* LaunchScreen.storyboard in Resources */ = {isa = PBXBuildFile; fileRef = FCAB6A9C248F8ECF00F30632 /* LaunchScreen.storyboard */; };
/* End PBXBuildFile section */

/* Begin PBXFileReference section */
		FCAB6A8E248F8ECB00F30632 /* ios-qr-code-scanner.app */ = {isa = PBXFileReference; explicitFileType = wrapper.application; includeInIndex = 0; path = "ios-qr-code-scanner.app"; sourceTree = BUILT_PRODUCTS_DIR; };
		FCAB6A91248F8ECB00F30632 /* AppDelegate.swift */ = {isa = PBXFileReference; lastKnownFileType = sourcecode.swift; path = AppDelegate.swift; sourceTree = "<group>"; };
		FCAB6A93248F8ECB00F30632 /* SceneDelegate.swift */ = {isa = PBXFileReference; lastKnownFileType = sourcecode.swift; path = SceneDelegate.swift; sourceTree = "<group>"; };
		FCAB6A95248F8ECB00F30632 /* ViewController.swift */ = {isa = PBXFileReference; lastKnownFileType = sourcecode.swift; path = ViewController.swift; sourceTree = "<group>"; };
		FCAB6A98248F8ECB00F30632 /* Base */ = {isa = PBXFileReference; lastKnownFileType = file.storyboard; name = Base; path = Base.lproj/Main.storyboard; sourceTree = "<group>"; };
		FCAB6A9A248F8ECF00F30632 /* Assets.xcassets */ = {isa = PBXFileReference; lastKnownFileType = folder.assetcatalog; path = Assets.xcassets; sourceTree = "<group>"; };
		FCAB6A9D248F8ECF00F30632 /* Base */ = {isa = PBXFileReference; lastKnownFileType = file.storyboard; name = Base; path = Base.lproj/LaunchScreen.storyboard; sourceTree = "<group>"; };
		FCAB6A9F248F8ECF00F30632 /* Info.plist */ = {isa = PBXFileReference; lastKnownFileType = text.plist.xml; path = Info.plist; sourceTree = "<group>"; };
/* End PBXFileReference section */

/* Begin PBXFrameworksBuildPhase section */
		FCAB6A8B248F8ECB00F30632 /* Frameworks */ = {
			isa = PBXFrameworksBuildPhase;
			buildActionMask = 2147483647;
			files = (
			);
			runOnlyForDeploymentPostprocessing = 0;
		};
/* End PBXFrameworksBuildPhase section */

/* Begin PBXGroup section */
		FCAB6A85248F8ECB00F30632 = {
			isa = PBXGroup;
			children = (
				FCAB6A90248F8ECB00F30632 /* ios-qr-code-scanner */,
				FCAB6A8F248F8ECB00F30632 /* Products */,
			);
			sourceTree = "<group>";
		};
		FCAB6A8F248F8ECB00F30632 /* Products */ = {
			isa = PBXGroup;
			children = (
				FCAB6A8E248F8ECB00F30632 /* ios-qr-code-scanner.app */,
			);
			name = Products;
			sourceTree = "<group>";
		};
		FCAB6A90248F8ECB00F30632 /* ios-qr-code-scanner */ = {
			isa = PBXGroup;
			children = (
				FCAB6A91248F8ECB00F30632 /* AppDelegate.swift */,
				FCAB6A93248F8ECB00F30632 /* SceneDelegate.swift */,
				FCAB6A95248F8ECB00F30632 /* ViewController.swift */,
				FCAB6A97248F8ECB00F30632 /* Main.storyboard */,
				FCAB6A9A248F8ECF00F30632 /* Assets.xcassets */,
				FCAB6A9C248F8ECF00F30632 /* LaunchScreen.storyboard */,
				FCAB6A9F248F8ECF00F30632 /* Info.plist */,
			);
			path = "ios-qr-code-scanner";
			sourceTree = "<group>";
		};
/* End PBXGroup section */

/* Begin PBXNativeTarget section */
		FCAB6A8D248F8ECB00F30632 /* ios-qr-code-scanner */ = {
			isa = PBXNativeTarget;
			buildConfigurationList = FCAB6AA2248F8ECF00F30632 /* Build configuration list for PBXNativeTarget "ios-qr-code-scanner" */;
			buildPhases = (
				FCAB6A8A248F8ECB00F30632 /* Sources */,
				FCAB6A8B248F8ECB00F30632 /* Frameworks */,
				FCAB6A8C248F8ECB00F30632 /* Resources */,
			);
			buildRules = (
			);
			dependencies = (
			);
			name = "ios-qr-code-scanner";
			productName = "ios-qr-code-scanner";
			productReference = FCAB6A8E248F8ECB00F30632 /* ios-qr-code-scanner.app */;
			productType = "com.apple.product-type.application";
		};
/* End PBXNativeTarget section */

/* Begin PBXProject section */
		FCAB6A86248F8ECB00F30632 /* Project object */ = {
			isa = PBXProject;
			attributes = {
				LastSwiftUpdateCheck = 1130;
				LastUpgradeCheck = 1130;
				ORGANIZATIONNAME = "Yoeun Samrith";
				TargetAttributes = {
					FCAB6A8D248F8ECB00F30632 = {
						CreatedOnToolsVersion = 11.3.1;
					};
				};
			};
			buildConfigurationList = FCAB6A89248F8ECB00F30632 /* Build configuration list for PBXProject "ios-qr-code-scanner" */;
			compatibilityVersion = "Xcode 9.3";
			developmentRegion = en;
			hasScannedForEncodings = 0;
			knownRegions = (
				en,
				Base,
			);
			mainGroup = FCAB6A85248F8ECB00F30632;
			productRefGroup = FCAB6A8F248F8ECB00F30632 /* Products */;
			projectDirPath = "";
			projectRoot = "";
			targets = (
				FCAB6A8D248F8ECB00F30632 /* ios-qr-code-scanner */,
			);
		};
/* End PBXProject section */

/* Begin PBXResourcesBuildPhase section */
		FCAB6A8C248F8ECB00F30632 /* Resources */ = {
			isa = PBXResourcesBuildPhase;
			buildActionMask = 2147483647;
			files = (
				FCAB6A9E248F8ECF00F30632 /* LaunchScreen.storyboard in Resources */,
				FCAB6A9B248F8ECF00F30632 /* Assets.xcassets in Resources */,
				FCAB6A99248F8ECB00F30632 /* Main.storyboard in Resources */,
			);
			runOnlyForDeploymentPostprocessing = 0;
		};
/* End PBXResourcesBuildPhase section */

/* Begin PBXSourcesBuildPhase section */
		FCAB6A8A248F8ECB00F30632 /* Sources */ = {
			isa = PBXSourcesBuildPhase;
			buildActionMask = 2147483647;
			files = (
				FCAB6A96248F8ECB00F30632 /* ViewController.swift in Sources */,
				FCAB6A92248F8ECB00F30632 /* AppDelegate.swift in Sources */,
				FCAB6A94248F8ECB00F30632 /* SceneDelegate.swift in Sources */,
			);
			runOnlyForDeploymentPostprocessing = 0;
		};
/* End PBXSourcesBuildPhase section */

/* Begin PBXVariantGroup section */
		FCAB6A97248F8ECB00F30632 /* Main.storyboard */ = {
			isa = PBXVariantGroup;
			children = (
				FCAB6A98248F8ECB00F30632 /* Base */,
			);
			name = Main.storyboard;
			sourceTree = "<group>";
		};
		FCAB6A9C248F8ECF00F30632 /* LaunchScreen.storyboard */ = {
			isa = PBXVariantGroup;
			children = (
				FCAB6A9D248F8ECF00F30632 /* Base */,
			);
			name = LaunchScreen.storyboard;
			sourceTree = "<group>";
		};
/* End PBXVariantGroup section */

/* Begin XCBuildConfiguration section */
		FCAB6AA0248F8ECF00F30632 /* Debug */ = {
			isa = XCBuildConfiguration;
			buildSettings = {
				ALWAYS_SEARCH_USER_PATHS = NO;
				CLANG_ANALYZER_NONNULL = YES;
				CLANG_ANALYZER_NUMBER_OBJECT_CONVERSION = YES_AGGRESSIVE;
				CLANG_CXX_LANGUAGE_STANDARD = "gnu++14";
				CLANG_CXX_LIBRARY = "libc++";
				CLANG_ENABLE_MODULES = YES;
				CLANG_ENABLE_OBJC_ARC = YES;
				CLANG_ENABLE_OBJC_WEAK = YES;
				CLANG_WARN_BLOCK_CAPTURE_AUTORELEASING = YES;
				CLANG_WARN_BOOL_CONVERSION = YES;
				CLANG_WARN_COMMA = YES;
				CLANG_WARN_CONSTANT_CONVERSION = YES;
				CLANG_WARN_DEPRECATED_OBJC_IMPLEMENTATIONS = YES;
				CLANG_WARN_DIRECT_OBJC_ISA_USAGE = YES_ERROR;
				CLANG_WARN_DOCUMENTATION_COMMENTS = YES;
				CLANG_WARN_EMPTY_BODY = YES;
				CLANG_WARN_ENUM_CONVERSION = YES;
				CLANG_WARN_INFINITE_RECURSION = YES;
				CLANG_WARN_INT_CONVERSION = YES;
				CLANG_WARN_NON_LITERAL_NULL_CONVERSION = YES;
				CLANG_WARN_OBJC_IMPLICIT_RETAIN_SELF = YES;
				CLANG_WARN_OBJC_LITERAL_CONVERSION = YES;
				CLANG_WARN_OBJC_ROOT_CLASS = YES_ERROR;
				CLANG_WARN_RANGE_LOOP_ANALYSIS = YES;
				CLANG_WARN_STRICT_PROTOTYPES = YES;
				CLANG_WARN_SUSPICIOUS_MOVE = YES;
				CLANG_WARN_UNGUARDED_AVAILABILITY = YES_AGGRESSIVE;
				CLANG_WARN_UNREACHABLE_CODE = YES;
				CLANG_WARN__DUPLICATE_METHOD_MATCH = YES;
				COPY_PHASE_STRIP = NO;
				DEBUG_INFORMATION_FORMAT = dwarf;
				ENABLE_STRICT_OBJC_MSGSEND = YES;
				ENABLE_TESTABILITY = YES;
				GCC_C_LANGUAGE_STANDARD = gnu11;
				GCC_DYNAMIC_NO_PIC = NO;
				GCC_NO_COMMON_BLOCKS = YES;
				GCC_OPTIMIZATION_LEVEL = 0;
				GCC_PREPROCESSOR_DEFINITIONS = (
					"DEBUG=1",
					"$(inherited)",
				);
				GCC_WARN_64_TO_32_BIT_CONVERSION = YES;
				GCC_WARN_ABOUT_RETURN_TYPE = YES_ERROR;
				GCC_WARN_UNDECLARED_SELECTOR = YES;
				GCC_WARN_UNINITIALIZED_AUTOS = YES_AGGRESSIVE;
				GCC_WARN_UNUSED_FUNCTION = YES;
				GCC_WARN_UNUSED_VARIABLE = YES;
				IPHONEOS_DEPLOYMENT_TARGET = 13.2;
				MTL_ENABLE_DEBUG_INFO = INCLUDE_SOURCE;
				MTL_FAST_MATH = YES;
				ONLY_ACTIVE_ARCH = YES;
				SDKROOT = iphoneos;
				SWIFT_ACTIVE_COMPILATION_CONDITIONS = DEBUG;
				SWIFT_OPTIMIZATION_LEVEL = "-Onone";
			};
			name = Debug;
		};
		FCAB6AA1248F8ECF00F30632 /* Release */ = {
			isa = XCBuildConfiguration;
			buildSettings = {
				ALWAYS_SEARCH_USER_PATHS = NO;
				CLANG_ANALYZER_NONNULL = YES;
				CLANG_ANALYZER_NUMBER_OBJECT_CONVERSION = YES_AGGRESSIVE;
				CLANG_CXX_LANGUAGE_STANDARD = "gnu++14";
				CLANG_CXX_LIBRARY = "libc++";
				CLANG_ENABLE_MODULES = YES;
				CLANG_ENABLE_OBJC_ARC = YES;
				CLANG_ENABLE_OBJC_WEAK = YES;
				CLANG_WARN_BLOCK_CAPTURE_AUTORELEASING = YES;
				CLANG_WARN_BOOL_CONVERSION = YES;
				CLANG_WARN_COMMA = YES;
				CLANG_WARN_CONSTANT_CONVERSION = YES;
				CLANG_WARN_DEPRECATED_OBJC_IMPLEMENTATIONS = YES;
				CLANG_WARN_DIRECT_OBJC_ISA_USAGE = YES_ERROR;
				CLANG_WARN_DOCUMENTATION_COMMENTS = YES;
				CLANG_WARN_EMPTY_BODY = YES;
				CLANG_WARN_ENUM_CONVERSION = YES;
				CLANG_WARN_INFINITE_RECURSION = YES;
				CLANG_WARN_INT_CONVERSION = YES;
				CLANG_WARN_NON_LITERAL_NULL_CONVERSION = YES;
				CLANG_WARN_OBJC_IMPLICIT_RETAIN_SELF = YES;
				CLANG_WARN_OBJC_LITERAL_CONVERSION = YES;
				CLANG_WARN_OBJC_ROOT_CLASS = YES_ERROR;
				CLANG_WARN_RANGE_LOOP_ANALYSIS = YES;
				CLANG_WARN_STRICT_PROTOTYPES = YES;
				CLANG_WARN_SUSPICIOUS_MOVE = YES;
				CLANG_WARN_UNGUARDED_AVAILABILITY = YES_AGGRESSIVE;
				CLANG_WARN_UNREACHABLE_CODE = YES;
				CLANG_WARN__DUPLICATE_METHOD_MATCH = YES;
				COPY_PHASE_STRIP = NO;
				DEBUG_INFORMATION_FORMAT = "dwarf-with-dsym";
				ENABLE_NS_ASSERTIONS = NO;
				ENABLE_STRICT_OBJC_MSGSEND = YES;
				GCC_C_LANGUAGE_STANDARD = gnu11;
				GCC_NO_COMMON_BLOCKS = YES;
				GCC_WARN_64_TO_32_BIT_CONVERSION = YES;
				GCC_WARN_ABOUT_RETURN_TYPE = YES_ERROR;
				GCC_WARN_UNDECLARED_SELECTOR = YES;
				GCC_WARN_UNINITIALIZED_AUTOS = YES_AGGRESSIVE;
				GCC_WARN_UNUSED_FUNCTION = YES;
				GCC_WARN_UNUSED_VARIABLE = YES;
				IPHONEOS_DEPLOYMENT_TARGET = 13.2;
				MTL_ENABLE_DEBUG_INFO = NO;
				MTL_FAST_MATH = YES;
				SDKROOT = iphoneos;
				SWIFT_COMPILATION_MODE = wholemodule;
				SWIFT_OPTIMIZATION_LEVEL = "-O";
				VALIDATE_PRODUCT = YES;
			};
			name = Release;
		};
		FCAB6AA3248F8ECF00F30632 /* Debug */ = {
			isa = XCBuildConfiguration;
			buildSettings = {
				ASSETCATALOG_COMPILER_APPICON_NAME = AppIcon;
				CODE_SIGN_STYLE = Automatic;
				DEVELOPMENT_TEAM = LCN239U73A;
				INFOPLIST_FILE = "ios-qr-code-scanner/Info.plist";
				IPHONEOS_DEPLOYMENT_TARGET = 12.0;
				LD_RUNPATH_SEARCH_PATHS = (
					"$(inherited)",
					"@executable_path/Frameworks",
				);
				PRODUCT_BUNDLE_IDENTIFIER = "com.samrith.scan-qr";
				PRODUCT_NAME = "$(TARGET_NAME)";
				SWIFT_VERSION = 5.0;
				TARGETED_DEVICE_FAMILY = "1,2";
			};
			name = Debug;
		};
		FCAB6AA4248F8ECF00F30632 /* Release */ = {
			isa = XCBuildConfiguration;
			buildSettings = {
				ASSETCATALOG_COMPILER_APPICON_NAME = AppIcon;
				CODE_SIGN_STYLE = Automatic;
				DEVELOPMENT_TEAM = LCN239U73A;
				INFOPLIST_FILE = "ios-qr-code-scanner/Info.plist";
				IPHONEOS_DEPLOYMENT_TARGET = 12.0;
				LD_RUNPATH_SEARCH_PATHS = (
					"$(inherited)",
					"@executable_path/Frameworks",
				);
				PRODUCT_BUNDLE_IDENTIFIER = "com.samrith.scan-qr";
				PRODUCT_NAME = "$(TARGET_NAME)";
				SWIFT_VERSION = 5.0;
				TARGETED_DEVICE_FAMILY = "1,2";
			};
			name = Release;
		};
/* End XCBuildConfiguration section */

/* Begin XCConfigurationList section */
		FCAB6A89248F8ECB00F30632 /* Build configuration list for PBXProject "ios-qr-code-scanner" */ = {
			isa = XCConfigurationList;
			buildConfigurations = (
				FCAB6AA0248F8ECF00F30632 /* Debug */,
				FCAB6AA1248F8ECF00F30632 /* Release */,
			);
			defaultConfigurationIsVisible = 0;
			defaultConfigurationName = Release;
		};
		FCAB6AA2248F8ECF00F30632 /* Build configuration list for PBXNativeTarget "ios-qr-code-scanner" */ = {
			isa = XCConfigurationList;
			buildConfigurations = (
				FCAB6AA3248F8ECF00F30632 /* Debug */,
				FCAB6AA4248F8ECF00F30632 /* Release */,
			);
			defaultConfigurationIsVisible = 0;
			defaultConfigurationName = Release;
		};
/* End XCConfigurationList section */
	};
	rootObject = FCAB6A86248F8ECB00F30632 /* Project object */;
}
